// !$*UTF8*$!
{
	archiveVersion = 1;
	classes = {
	};
	objectVersion = 50;
	objects = {

/* Begin PBXBuildFile section */
		33A380ED21277DCB00EFB043 /* AppDelegate.swift in Sources */ = {isa = PBXBuildFile; fileRef = 33A380EC21277DCB00EFB043 /* AppDelegate.swift */; };
		33A380EF21277DCB00EFB043 /* ViewController.swift in Sources */ = {isa = PBXBuildFile; fileRef = 33A380EE21277DCB00EFB043 /* ViewController.swift */; };
		33A380F221277DCB00EFB043 /* Main.storyboard in Resources */ = {isa = PBXBuildFile; fileRef = 33A380F021277DCB00EFB043 /* Main.storyboard */; };
		33A380F421277DCC00EFB043 /* Assets.xcassets in Resources */ = {isa = PBXBuildFile; fileRef = 33A380F321277DCC00EFB043 /* Assets.xcassets */; };
		33A380F721277DCC00EFB043 /* LaunchScreen.storyboard in Resources */ = {isa = PBXBuildFile; fileRef = 33A380F521277DCC00EFB043 /* LaunchScreen.storyboard */; };
		F0666C303BB8B13D6B5D7CB1 /* libPods-InstaDB.a in Frameworks */ = {isa = PBXBuildFile; fileRef = 3EE9ACD732C3C84ABDC39C74 /* libPods-InstaDB.a */; };
/* End PBXBuildFile section */

/* Begin PBXFileReference section */
		33A380E921277DCB00EFB043 /* InstaDB.app */ = {isa = PBXFileReference; explicitFileType = wrapper.application; includeInIndex = 0; path = InstaDB.app; sourceTree = BUILT_PRODUCTS_DIR; };
		33A380EC21277DCB00EFB043 /* AppDelegate.swift */ = {isa = PBXFileReference; lastKnownFileType = sourcecode.swift; path = AppDelegate.swift; sourceTree = "<group>"; };
		33A380EE21277DCB00EFB043 /* ViewController.swift */ = {isa = PBXFileReference; lastKnownFileType = sourcecode.swift; path = ViewController.swift; sourceTree = "<group>"; };
		33A380F121277DCB00EFB043 /* Base */ = {isa = PBXFileReference; lastKnownFileType = file.storyboard; name = Base; path = Base.lproj/Main.storyboard; sourceTree = "<group>"; };
		33A380F321277DCC00EFB043 /* Assets.xcassets */ = {isa = PBXFileReference; lastKnownFileType = folder.assetcatalog; path = Assets.xcassets; sourceTree = "<group>"; };
		33A380F621277DCC00EFB043 /* Base */ = {isa = PBXFileReference; lastKnownFileType = file.storyboard; name = Base; path = Base.lproj/LaunchScreen.storyboard; sourceTree = "<group>"; };
		33A380F821277DCC00EFB043 /* Info.plist */ = {isa = PBXFileReference; lastKnownFileType = text.plist.xml; path = Info.plist; sourceTree = "<group>"; };
		3EE9ACD732C3C84ABDC39C74 /* libPods-InstaDB.a */ = {isa = PBXFileReference; explicitFileType = archive.ar; includeInIndex = 0; path = "libPods-InstaDB.a"; sourceTree = BUILT_PRODUCTS_DIR; };
		6300ECEF02D7DB68E51BB90C /* Pods-InstaDB.debug.xcconfig */ = {isa = PBXFileReference; includeInIndex = 1; lastKnownFileType = text.xcconfig; name = "Pods-InstaDB.debug.xcconfig"; path = "Pods/Target Support Files/Pods-InstaDB/Pods-InstaDB.debug.xcconfig"; sourceTree = "<group>"; };
		C6E44B93D08155D20349FB61 /* Pods-InstaDB.release.xcconfig */ = {isa = PBXFileReference; includeInIndex = 1; lastKnownFileType = text.xcconfig; name = "Pods-InstaDB.release.xcconfig"; path = "Pods/Target Support Files/Pods-InstaDB/Pods-InstaDB.release.xcconfig"; sourceTree = "<group>"; };
/* End PBXFileReference section */

/* Begin PBXFrameworksBuildPhase section */
		33A380E621277DCB00EFB043 /* Frameworks */ = {
			isa = PBXFrameworksBuildPhase;
			buildActionMask = 2147483647;
			files = (
				F0666C303BB8B13D6B5D7CB1 /* libPods-InstaDB.a in Frameworks */,
			);
			runOnlyForDeploymentPostprocessing = 0;
		};
/* End PBXFrameworksBuildPhase section */

/* Begin PBXGroup section */
		2146401D4B248C805A02FA8B /* Frameworks */ = {
			isa = PBXGroup;
			children = (
				3EE9ACD732C3C84ABDC39C74 /* libPods-InstaDB.a */,
			);
			name = Frameworks;
			sourceTree = "<group>";
		};
		33A380E021277DCB00EFB043 = {
			isa = PBXGroup;
			children = (
				33A380EB21277DCB00EFB043 /* InstaDB */,
				33A380EA21277DCB00EFB043 /* Products */,
				4FA91B18C97147BE5B97876C /* Pods */,
				2146401D4B248C805A02FA8B /* Frameworks */,
			);
			sourceTree = "<group>";
		};
		33A380EA21277DCB00EFB043 /* Products */ = {
			isa = PBXGroup;
			children = (
				33A380E921277DCB00EFB043 /* InstaDB.app */,
			);
			name = Products;
			sourceTree = "<group>";
		};
		33A380EB21277DCB00EFB043 /* InstaDB */ = {
			isa = PBXGroup;
			children = (
				33A380EC21277DCB00EFB043 /* AppDelegate.swift */,
				33A380EE21277DCB00EFB043 /* ViewController.swift */,
				33A380F021277DCB00EFB043 /* Main.storyboard */,
				33A380F321277DCC00EFB043 /* Assets.xcassets */,
				33A380F521277DCC00EFB043 /* LaunchScreen.storyboard */,
				33A380F821277DCC00EFB043 /* Info.plist */,
			);
			path = InstaDB;
			sourceTree = "<group>";
		};
		4FA91B18C97147BE5B97876C /* Pods */ = {
			isa = PBXGroup;
			children = (
				6300ECEF02D7DB68E51BB90C /* Pods-InstaDB.debug.xcconfig */,
				C6E44B93D08155D20349FB61 /* Pods-InstaDB.release.xcconfig */,
			);
			name = Pods;
			sourceTree = "<group>";
		};
/* End PBXGroup section */

/* Begin PBXNativeTarget section */
		33A380E821277DCB00EFB043 /* InstaDB */ = {
			isa = PBXNativeTarget;
			buildConfigurationList = 33A380FB21277DCC00EFB043 /* Build configuration list for PBXNativeTarget "InstaDB" */;
			buildPhases = (
				78ADFEA2822F3B432FC84BC3 /* [CP] Check Pods Manifest.lock */,
				33A380E521277DCB00EFB043 /* Sources */,
				33A380E621277DCB00EFB043 /* Frameworks */,
				33A380E721277DCB00EFB043 /* Resources */,
			);
			buildRules = (
			);
			dependencies = (
			);
			name = InstaDB;
			productName = InstaDB;
			productReference = 33A380E921277DCB00EFB043 /* InstaDB.app */;
			productType = "com.apple.product-type.application";
		};
/* End PBXNativeTarget section */

/* Begin PBXProject section */
		33A380E121277DCB00EFB043 /* Project object */ = {
			isa = PBXProject;
			attributes = {
				LastSwiftUpdateCheck = 0940;
				LastUpgradeCheck = 0940;
				ORGANIZATIONNAME = SwiftCoders;
				TargetAttributes = {
					33A380E821277DCB00EFB043 = {
						CreatedOnToolsVersion = 9.4.1;
					};
				};
			};
			buildConfigurationList = 33A380E421277DCB00EFB043 /* Build configuration list for PBXProject "InstaDB" */;
			compatibilityVersion = "Xcode 9.3";
			developmentRegion = en;
			hasScannedForEncodings = 0;
			knownRegions = (
				en,
				Base,
			);
			mainGroup = 33A380E021277DCB00EFB043;
			productRefGroup = 33A380EA21277DCB00EFB043 /* Products */;
			projectDirPath = "";
			projectRoot = "";
			targets = (
				33A380E821277DCB00EFB043 /* InstaDB */,
			);
		};
/* End PBXProject section */

/* Begin PBXResourcesBuildPhase section */
		33A380E721277DCB00EFB043 /* Resources */ = {
			isa = PBXResourcesBuildPhase;
			buildActionMask = 2147483647;
			files = (
				33A380F721277DCC00EFB043 /* LaunchScreen.storyboard in Resources */,
				33A380F421277DCC00EFB043 /* Assets.xcassets in Resources */,
				33A380F221277DCB00EFB043 /* Main.storyboard in Resources */,
			);
			runOnlyForDeploymentPostprocessing = 0;
		};
/* End PBXResourcesBuildPhase section */

/* Begin PBXShellScriptBuildPhase section */
		78ADFEA2822F3B432FC84BC3 /* [CP] Check Pods Manifest.lock */ = {
			isa = PBXShellScriptBuildPhase;
			buildActionMask = 2147483647;
			files = (
			);
			inputPaths = (
				"${PODS_PODFILE_DIR_PATH}/Podfile.lock",
				"${PODS_ROOT}/Manifest.lock",
			);
			name = "[CP] Check Pods Manifest.lock";
			outputPaths = (
				"$(DERIVED_FILE_DIR)/Pods-InstaDB-checkManifestLockResult.txt",
			);
			runOnlyForDeploymentPostprocessing = 0;
			shellPath = /bin/sh;
			shellScript = "diff \"${PODS_PODFILE_DIR_PATH}/Podfile.lock\" \"${PODS_ROOT}/Manifest.lock\" > /dev/null\nif [ $? != 0 ] ; then\n    # print error to STDERR\n    echo \"error: The sandbox is not in sync with the Podfile.lock. Run 'pod install' or update your CocoaPods installation.\" >&2\n    exit 1\nfi\n# This output is used by Xcode 'outputs' to avoid re-running this script phase.\necho \"SUCCESS\" > \"${SCRIPT_OUTPUT_FILE_0}\"\n";
			showEnvVarsInLog = 0;
		};
/* End PBXShellScriptBuildPhase section */

/* Begin PBXSourcesBuildPhase section */
		33A380E521277DCB00EFB043 /* Sources */ = {
			isa = PBXSourcesBuildPhase;
			buildActionMask = 2147483647;
			files = (
				33A380EF21277DCB00EFB043 /* ViewController.swift in Sources */,
				33A380ED21277DCB00EFB043 /* AppDelegate.swift in Sources */,
			);
			runOnlyForDeploymentPostprocessing = 0;
		};
/* End PBXSourcesBuildPhase section */

/* Begin PBXVariantGroup section */
		33A380F021277DCB00EFB043 /* Main.storyboard */ = {
			isa = PBXVariantGroup;
			children = (
				33A380F121277DCB00EFB043 /* Base */,
			);
			name = Main.storyboard;
			sourceTree = "<group>";
		};
		33A380F521277DCC00EFB043 /* LaunchScreen.storyboard */ = {
			isa = PBXVariantGroup;
			children = (
				33A380F621277DCC00EFB043 /* Base */,
			);
			name = LaunchScreen.storyboard;
			sourceTree = "<group>";
		};
/* End PBXVariantGroup section */

/* Begin XCBuildConfiguration section */
		33A380F921277DCC00EFB043 /* Debug */ = {
			isa = XCBuildConfiguration;
			buildSettings = {
				ALWAYS_SEARCH_USER_PATHS = NO;
				CLANG_ANALYZER_NONNULL = YES;
				CLANG_ANALYZER_NUMBER_OBJECT_CONVERSION = YES_AGGRESSIVE;
				CLANG_CXX_LANGUAGE_STANDARD = "gnu++14";
				CLANG_CXX_LIBRARY = "libc++";
				CLANG_ENABLE_MODULES = YES;
				CLANG_ENABLE_OBJC_ARC = YES;
				CLANG_ENABLE_OBJC_WEAK = YES;
				CLANG_WARN_BLOCK_CAPTURE_AUTORELEASING = YES;
				CLANG_WARN_BOOL_CONVERSION = YES;
				CLANG_WARN_COMMA = YES;
				CLANG_WARN_CONSTANT_CONVERSION = YES;
				CLANG_WARN_DEPRECATED_OBJC_IMPLEMENTATIONS = YES;
				CLANG_WARN_DIRECT_OBJC_ISA_USAGE = YES_ERROR;
				CLANG_WARN_DOCUMENTATION_COMMENTS = YES;
				CLANG_WARN_EMPTY_BODY = YES;
				CLANG_WARN_ENUM_CONVERSION = YES;
				CLANG_WARN_INFINITE_RECURSION = YES;
				CLANG_WARN_INT_CONVERSION = YES;
				CLANG_WARN_NON_LITERAL_NULL_CONVERSION = YES;
				CLANG_WARN_OBJC_IMPLICIT_RETAIN_SELF = YES;
				CLANG_WARN_OBJC_LITERAL_CONVERSION = YES;
				CLANG_WARN_OBJC_ROOT_CLASS = YES_ERROR;
				CLANG_WARN_RANGE_LOOP_ANALYSIS = YES;
				CLANG_WARN_STRICT_PROTOTYPES = YES;
				CLANG_WARN_SUSPICIOUS_MOVE = YES;
				CLANG_WARN_UNGUARDED_AVAILABILITY = YES_AGGRESSIVE;
				CLANG_WARN_UNREACHABLE_CODE = YES;
				CLANG_WARN__DUPLICATE_METHOD_MATCH = YES;
				CODE_SIGN_IDENTITY = "iPhone Developer";
				COPY_PHASE_STRIP = NO;
				DEBUG_INFORMATION_FORMAT = dwarf;
				ENABLE_STRICT_OBJC_MSGSEND = YES;
				ENABLE_TESTABILITY = YES;
				GCC_C_LANGUAGE_STANDARD = gnu11;
				GCC_DYNAMIC_NO_PIC = NO;
				GCC_NO_COMMON_BLOCKS = YES;
				GCC_OPTIMIZATION_LEVEL = 0;
				GCC_PREPROCESSOR_DEFINITIONS = (
					"DEBUG=1",
					"$(inherited)",
				);
				GCC_WARN_64_TO_32_BIT_CONVERSION = YES;
				GCC_WARN_ABOUT_RETURN_TYPE = YES_ERROR;
				GCC_WARN_UNDECLARED_SELECTOR = YES;
				GCC_WARN_UNINITIALIZED_AUTOS = YES_AGGRESSIVE;
				GCC_WARN_UNUSED_FUNCTION = YES;
				GCC_WARN_UNUSED_VARIABLE = YES;
				IPHONEOS_DEPLOYMENT_TARGET = 11.4;
				MTL_ENABLE_DEBUG_INFO = YES;
				ONLY_ACTIVE_ARCH = YES;
				SDKROOT = iphoneos;
				SWIFT_ACTIVE_COMPILATION_CONDITIONS = DEBUG;
				SWIFT_OPTIMIZATION_LEVEL = "-Onone";
			};
			name = Debug;
		};
		33A380FA21277DCC00EFB043 /* Release */ = {
			isa = XCBuildConfiguration;
			buildSettings = {
				ALWAYS_SEARCH_USER_PATHS = NO;
				CLANG_ANALYZER_NONNULL = YES;
				CLANG_ANALYZER_NUMBER_OBJECT_CONVERSION = YES_AGGRESSIVE;
				CLANG_CXX_LANGUAGE_STANDARD = "gnu++14";
				CLANG_CXX_LIBRARY = "libc++";
				CLANG_ENABLE_MODULES = YES;
				CLANG_ENABLE_OBJC_ARC = YES;
				CLANG_ENABLE_OBJC_WEAK = YES;
				CLANG_WARN_BLOCK_CAPTURE_AUTORELEASING = YES;
				CLANG_WARN_BOOL_CONVERSION = YES;
				CLANG_WARN_COMMA = YES;
				CLANG_WARN_CONSTANT_CONVERSION = YES;
				CLANG_WARN_DEPRECATED_OBJC_IMPLEMENTATIONS = YES;
				CLANG_WARN_DIRECT_OBJC_ISA_USAGE = YES_ERROR;
				CLANG_WARN_DOCUMENTATION_COMMENTS = YES;
				CLANG_WARN_EMPTY_BODY = YES;
				CLANG_WARN_ENUM_CONVERSION = YES;
				CLANG_WARN_INFINITE_RECURSION = YES;
				CLANG_WARN_INT_CONVERSION = YES;
				CLANG_WARN_NON_LITERAL_NULL_CONVERSION = YES;
				CLANG_WARN_OBJC_IMPLICIT_RETAIN_SELF = YES;
				CLANG_WARN_OBJC_LITERAL_CONVERSION = YES;
				CLANG_WARN_OBJC_ROOT_CLASS = YES_ERROR;
				CLANG_WARN_RANGE_LOOP_ANALYSIS = YES;
				CLANG_WARN_STRICT_PROTOTYPES = YES;
				CLANG_WARN_SUSPICIOUS_MOVE = YES;
				CLANG_WARN_UNGUARDED_AVAILABILITY = YES_AGGRESSIVE;
				CLANG_WARN_UNREACHABLE_CODE = YES;
				CLANG_WARN__DUPLICATE_METHOD_MATCH = YES;
				CODE_SIGN_IDENTITY = "iPhone Developer";
				COPY_PHASE_STRIP = NO;
				DEBUG_INFORMATION_FORMAT = "dwarf-with-dsym";
				ENABLE_NS_ASSERTIONS = NO;
				ENABLE_STRICT_OBJC_MSGSEND = YES;
				GCC_C_LANGUAGE_STANDARD = gnu11;
				GCC_NO_COMMON_BLOCKS = YES;
				GCC_WARN_64_TO_32_BIT_CONVERSION = YES;
				GCC_WARN_ABOUT_RETURN_TYPE = YES_ERROR;
				GCC_WARN_UNDECLARED_SELECTOR = YES;
				GCC_WARN_UNINITIALIZED_AUTOS = YES_AGGRESSIVE;
				GCC_WARN_UNUSED_FUNCTION = YES;
				GCC_WARN_UNUSED_VARIABLE = YES;
				IPHONEOS_DEPLOYMENT_TARGET = 11.4;
				MTL_ENABLE_DEBUG_INFO = NO;
				SDKROOT = iphoneos;
				SWIFT_COMPILATION_MODE = wholemodule;
				SWIFT_OPTIMIZATION_LEVEL = "-O";
				VALIDATE_PRODUCT = YES;
			};
			name = Release;
		};
		33A380FC21277DCC00EFB043 /* Debug */ = {
			isa = XCBuildConfiguration;
			baseConfigurationReference = 6300ECEF02D7DB68E51BB90C /* Pods-InstaDB.debug.xcconfig */;
			buildSettings = {
				ASSETCATALOG_COMPILER_APPICON_NAME = AppIcon;
				CODE_SIGN_STYLE = Automatic;
				DEVELOPMENT_TEAM = LQZNX2BQDV;
				INFOPLIST_FILE = InstaDB/Info.plist;
				LD_RUNPATH_SEARCH_PATHS = (
					"$(inherited)",
					"@executable_path/Frameworks",
				);
				PRODUCT_BUNDLE_IDENTIFIER = com.swiftcoders.InstaDB;
				PRODUCT_NAME = "$(TARGET_NAME)";
				SWIFT_VERSION = 4.0;
				TARGETED_DEVICE_FAMILY = "1,2";
			};
			name = Debug;
		};
		33A380FD21277DCC00EFB043 /* Release */ = {
			isa = XCBuildConfiguration;
			baseConfigurationReference = C6E44B93D08155D20349FB61 /* Pods-InstaDB.release.xcconfig */;
			buildSettings = {
				ASSETCATALOG_COMPILER_APPICON_NAME = AppIcon;
				CODE_SIGN_STYLE = Automatic;
				DEVELOPMENT_TEAM = LQZNX2BQDV;
				INFOPLIST_FILE = InstaDB/Info.plist;
				LD_RUNPATH_SEARCH_PATHS = (
					"$(inherited)",
					"@executable_path/Frameworks",
				);
				PRODUCT_BUNDLE_IDENTIFIER = com.swiftcoders.InstaDB;
				PRODUCT_NAME = "$(TARGET_NAME)";
				SWIFT_VERSION = 4.0;
				TARGETED_DEVICE_FAMILY = "1,2";
			};
			name = Release;
		};
/* End XCBuildConfiguration section */

/* Begin XCConfigurationList section */
		33A380E421277DCB00EFB043 /* Build configuration list for PBXProject "InstaDB" */ = {
			isa = XCConfigurationList;
			buildConfigurations = (
				33A380F921277DCC00EFB043 /* Debug */,
				33A380FA21277DCC00EFB043 /* Release */,
			);
			defaultConfigurationIsVisible = 0;
			defaultConfigurationName = Release;
		};
		33A380FB21277DCC00EFB043 /* Build configuration list for PBXNativeTarget "InstaDB" */ = {
			isa = XCConfigurationList;
			buildConfigurations = (
				33A380FC21277DCC00EFB043 /* Debug */,
				33A380FD21277DCC00EFB043 /* Release */,
			);
			defaultConfigurationIsVisible = 0;
			defaultConfigurationName = Release;
		};
/* End XCConfigurationList section */
	};
	rootObject = 33A380E121277DCB00EFB043 /* Project object */;
}
